
Microsoft Visual Studio Solution File, Format Version 12.00
# Visual Studio Version 16
VisualStudioVersion = 16.0.30330.147
MinimumVisualStudioVersion = 10.0.40219.1
Project("{FAE04EC0-301F-11D3-BF4B-00C04F79EFBC}") = "ProjectPart2", "ProjectPart2.csproj", "{FE25CA1C-74C3-4464-8ABC-55AB0048FF4B}"
EndProject
Global
	GlobalSection(SolutionConfigurationPlatforms) = preSolution
		Debug|Any CPU = Debug|Any CPU
		Release|Any CPU = Release|Any CPU
	EndGlobalSection
	GlobalSection(ProjectConfigurationPlatforms) = postSolution
		{FE25CA1C-74C3-4464-8ABC-55AB0048FF4B}.Debug|Any CPU.ActiveCfg = Debug|Any CPU
		{FE25CA1C-74C3-4464-8ABC-55AB0048FF4B}.Debug|Any CPU.Build.0 = Debug|Any CPU
		{FE25CA1C-74C3-4464-8ABC-55AB0048FF4B}.Release|Any CPU.ActiveCfg = Release|Any CPU
		{FE25CA1C-74C3-4464-8ABC-55AB0048FF4B}.Release|Any CPU.Build.0 = Release|Any CPU
	EndGlobalSection
	GlobalSection(SolutionProperties) = preSolution
		HideSolutionNode = FALSE
	EndGlobalSection
	GlobalSection(ExtensibilityGlobals) = postSolution
		SolutionGuid = {3541823D-EDCE-499C-92C1-8E65E58CA270}
	EndGlobalSection
EndGlobal
